// !$*UTF8*$!
{
	archiveVersion = 1;
	classes = {
	};
	objectVersion = 46;
	objects = {

/* Begin PBXBuildFile section */
		C6F627901E17DE2200C73BBF /* AppDelegate.swift in Sources */ = {isa = PBXBuildFile; fileRef = C6F6278F1E17DE2200C73BBF /* AppDelegate.swift */; };
		C6F627921E17DE2200C73BBF /* ViewController.swift in Sources */ = {isa = PBXBuildFile; fileRef = C6F627911E17DE2200C73BBF /* ViewController.swift */; };
		C6F627951E17DE2200C73BBF /* Main.storyboard in Resources */ = {isa = PBXBuildFile; fileRef = C6F627931E17DE2200C73BBF /* Main.storyboard */; };
		C6F627971E17DE2200C73BBF /* Assets.xcassets in Resources */ = {isa = PBXBuildFile; fileRef = C6F627961E17DE2200C73BBF /* Assets.xcassets */; };
		C6F6279A1E17DE2200C73BBF /* LaunchScreen.storyboard in Resources */ = {isa = PBXBuildFile; fileRef = C6F627981E17DE2200C73BBF /* LaunchScreen.storyboard */; };
/* End PBXBuildFile section */

/* Begin PBXFileReference section */
		C6F6278C1E17DE2200C73BBF /* pingDemo.app */ = {isa = PBXFileReference; explicitFileType = wrapper.application; includeInIndex = 0; path = pingDemo.app; sourceTree = BUILT_PRODUCTS_DIR; };
		C6F6278F1E17DE2200C73BBF /* AppDelegate.swift */ = {isa = PBXFileReference; lastKnownFileType = sourcecode.swift; path = AppDelegate.swift; sourceTree = "<group>"; };
		C6F627911E17DE2200C73BBF /* ViewController.swift */ = {isa = PBXFileReference; lastKnownFileType = sourcecode.swift; path = ViewController.swift; sourceTree = "<group>"; };
		C6F627941E17DE2200C73BBF /* Base */ = {isa = PBXFileReference; lastKnownFileType = file.storyboard; name = Base; path = Base.lproj/Main.storyboard; sourceTree = "<group>"; };
		C6F627961E17DE2200C73BBF /* Assets.xcassets */ = {isa = PBXFileReference; lastKnownFileType = folder.assetcatalog; path = Assets.xcassets; sourceTree = "<group>"; };
		C6F627991E17DE2200C73BBF /* Base */ = {isa = PBXFileReference; lastKnownFileType = file.storyboard; name = Base; path = Base.lproj/LaunchScreen.storyboard; sourceTree = "<group>"; };
		C6F6279B1E17DE2200C73BBF /* Info.plist */ = {isa = PBXFileReference; lastKnownFileType = text.plist.xml; path = Info.plist; sourceTree = "<group>"; };
/* End PBXFileReference section */

/* Begin PBXFrameworksBuildPhase section */
		C6F627891E17DE2200C73BBF /* Frameworks */ = {
			isa = PBXFrameworksBuildPhase;
			buildActionMask = 2147483647;
			files = (
			);
			runOnlyForDeploymentPostprocessing = 0;
		};
/* End PBXFrameworksBuildPhase section */

/* Begin PBXGroup section */
		C6F627831E17DE2200C73BBF = {
			isa = PBXGroup;
			children = (
				C6F6278E1E17DE2200C73BBF /* pingDemo */,
				C6F6278D1E17DE2200C73BBF /* Products */,
			);
			sourceTree = "<group>";
		};
		C6F6278D1E17DE2200C73BBF /* Products */ = {
			isa = PBXGroup;
			children = (
				C6F6278C1E17DE2200C73BBF /* pingDemo.app */,
			);
			name = Products;
			sourceTree = "<group>";
		};
		C6F6278E1E17DE2200C73BBF /* pingDemo */ = {
			isa = PBXGroup;
			children = (
				C6F6278F1E17DE2200C73BBF /* AppDelegate.swift */,
				C6F627911E17DE2200C73BBF /* ViewController.swift */,
				C6F627931E17DE2200C73BBF /* Main.storyboard */,
				C6F627961E17DE2200C73BBF /* Assets.xcassets */,
				C6F627981E17DE2200C73BBF /* LaunchScreen.storyboard */,
				C6F6279B1E17DE2200C73BBF /* Info.plist */,
			);
			path = pingDemo;
			sourceTree = "<group>";
		};
/* End PBXGroup section */

/* Begin PBXNativeTarget section */
		C6F6278B1E17DE2200C73BBF /* pingDemo */ = {
			isa = PBXNativeTarget;
			buildConfigurationList = C6F6279E1E17DE2200C73BBF /* Build configuration list for PBXNativeTarget "pingDemo" */;
			buildPhases = (
				C6F627881E17DE2200C73BBF /* Sources */,
				C6F627891E17DE2200C73BBF /* Frameworks */,
				C6F6278A1E17DE2200C73BBF /* Resources */,
			);
			buildRules = (
			);
			dependencies = (
			);
			name = pingDemo;
			productName = pingDemo;
			productReference = C6F6278C1E17DE2200C73BBF /* pingDemo.app */;
			productType = "com.apple.product-type.application";
		};
/* End PBXNativeTarget section */

/* Begin PBXProject section */
		C6F627841E17DE2200C73BBF /* Project object */ = {
			isa = PBXProject;
			attributes = {
				LastSwiftUpdateCheck = 0820;
				LastUpgradeCheck = 0820;
				ORGANIZATIONNAME = IIRlab;
				TargetAttributes = {
					C6F6278B1E17DE2200C73BBF = {
						CreatedOnToolsVersion = 8.2.1;
						DevelopmentTeam = 7K297JDWP3;
						ProvisioningStyle = Automatic;
					};
				};
			};
			buildConfigurationList = C6F627871E17DE2200C73BBF /* Build configuration list for PBXProject "pingDemo" */;
			compatibilityVersion = "Xcode 3.2";
			developmentRegion = English;
			hasScannedForEncodings = 0;
			knownRegions = (
				en,
				Base,
			);
			mainGroup = C6F627831E17DE2200C73BBF;
			productRefGroup = C6F6278D1E17DE2200C73BBF /* Products */;
			projectDirPath = "";
			projectRoot = "";
			targets = (
				C6F6278B1E17DE2200C73BBF /* pingDemo */,
			);
		};
/* End PBXProject section */

/* Begin PBXResourcesBuildPhase section */
		C6F6278A1E17DE2200C73BBF /* Resources */ = {
			isa = PBXResourcesBuildPhase;
			buildActionMask = 2147483647;
			files = (
				C6F6279A1E17DE2200C73BBF /* LaunchScreen.storyboard in Resources */,
				C6F627971E17DE2200C73BBF /* Assets.xcassets in Resources */,
				C6F627951E17DE2200C73BBF /* Main.storyboard in Resources */,
			);
			runOnlyForDeploymentPostprocessing = 0;
		};
/* End PBXResourcesBuildPhase section */

/* Begin PBXSourcesBuildPhase section */
		C6F627881E17DE2200C73BBF /* Sources */ = {
			isa = PBXSourcesBuildPhase;
			buildActionMask = 2147483647;
			files = (
				C6F627921E17DE2200C73BBF /* ViewController.swift in Sources */,
				C6F627901E17DE2200C73BBF /* AppDelegate.swift in Sources */,
			);
			runOnlyForDeploymentPostprocessing = 0;
		};
/* End PBXSourcesBuildPhase section */

/* Begin PBXVariantGroup section */
		C6F627931E17DE2200C73BBF /* Main.storyboard */ = {
			isa = PBXVariantGroup;
			children = (
				C6F627941E17DE2200C73BBF /* Base */,
			);
			name = Main.storyboard;
			sourceTree = "<group>";
		};
		C6F627981E17DE2200C73BBF /* LaunchScreen.storyboard */ = {
			isa = PBXVariantGroup;
			children = (
				C6F627991E17DE2200C73BBF /* Base */,
			);
			name = LaunchScreen.storyboard;
			sourceTree = "<group>";
		};
/* End PBXVariantGroup section */

/* Begin XCBuildConfiguration section */
		C6F6279C1E17DE2200C73BBF /* Debug */ = {
			isa = XCBuildConfiguration;
			buildSettings = {
				ALWAYS_SEARCH_USER_PATHS = NO;
				CLANG_ANALYZER_NONNULL = YES;
				CLANG_CXX_LANGUAGE_STANDARD = "gnu++0x";
				CLANG_CXX_LIBRARY = "libc++";
				CLANG_ENABLE_MODULES = YES;
				CLANG_ENABLE_OBJC_ARC = YES;
				CLANG_WARN_BOOL_CONVERSION = YES;
				CLANG_WARN_CONSTANT_CONVERSION = YES;
				CLANG_WARN_DIRECT_OBJC_ISA_USAGE = YES_ERROR;
				CLANG_WARN_DOCUMENTATION_COMMENTS = YES;
				CLANG_WARN_EMPTY_BODY = YES;
				CLANG_WARN_ENUM_CONVERSION = YES;
				CLANG_WARN_INFINITE_RECURSION = YES;
				CLANG_WARN_INT_CONVERSION = YES;
				CLANG_WARN_OBJC_ROOT_CLASS = YES_ERROR;
				CLANG_WARN_SUSPICIOUS_MOVE = YES;
				CLANG_WARN_UNREACHABLE_CODE = YES;
				CLANG_WARN__DUPLICATE_METHOD_MATCH = YES;
				"CODE_SIGN_IDENTITY[sdk=iphoneos*]" = "iPhone Developer";
				COPY_PHASE_STRIP = NO;
				DEBUG_INFORMATION_FORMAT = dwarf;
				ENABLE_STRICT_OBJC_MSGSEND = YES;
				ENABLE_TESTABILITY = YES;
				GCC_C_LANGUAGE_STANDARD = gnu99;
				GCC_DYNAMIC_NO_PIC = NO;
				GCC_NO_COMMON_BLOCKS = YES;
				GCC_OPTIMIZATION_LEVEL = 0;
				GCC_PREPROCESSOR_DEFINITIONS = (
					"DEBUG=1",
					"$(inherited)",
				);
				GCC_WARN_64_TO_32_BIT_CONVERSION = YES;
				GCC_WARN_ABOUT_RETURN_TYPE = YES_ERROR;
				GCC_WARN_UNDECLARED_SELECTOR = YES;
				GCC_WARN_UNINITIALIZED_AUTOS = YES_AGGRESSIVE;
				GCC_WARN_UNUSED_FUNCTION = YES;
				GCC_WARN_UNUSED_VARIABLE = YES;
				IPHONEOS_DEPLOYMENT_TARGET = 10.2;
				MTL_ENABLE_DEBUG_INFO = YES;
				ONLY_ACTIVE_ARCH = YES;
				SDKROOT = iphoneos;
				SWIFT_ACTIVE_COMPILATION_CONDITIONS = DEBUG;
				SWIFT_OPTIMIZATION_LEVEL = "-Onone";
				TARGETED_DEVICE_FAMILY = "1,2";
			};
			name = Debug;
		};
		C6F6279D1E17DE2200C73BBF /* Release */ = {
			isa = XCBuildConfiguration;
			buildSettings = {
				ALWAYS_SEARCH_USER_PATHS = NO;
				CLANG_ANALYZER_NONNULL = YES;
				CLANG_CXX_LANGUAGE_STANDARD = "gnu++0x";
				CLANG_CXX_LIBRARY = "libc++";
				CLANG_ENABLE_MODULES = YES;
				CLANG_ENABLE_OBJC_ARC = YES;
				CLANG_WARN_BOOL_CONVERSION = YES;
				CLANG_WARN_CONSTANT_CONVERSION = YES;
				CLANG_WARN_DIRECT_OBJC_ISA_USAGE = YES_ERROR;
				CLANG_WARN_DOCUMENTATION_COMMENTS = YES;
				CLANG_WARN_EMPTY_BODY = YES;
				CLANG_WARN_ENUM_CONVERSION = YES;
				CLANG_WARN_INFINITE_RECURSION = YES;
				CLANG_WARN_INT_CONVERSION = YES;
				CLANG_WARN_OBJC_ROOT_CLASS = YES_ERROR;
				CLANG_WARN_SUSPICIOUS_MOVE = YES;
				CLANG_WARN_UNREACHABLE_CODE = YES;
				CLANG_WARN__DUPLICATE_METHOD_MATCH = YES;
				"CODE_SIGN_IDENTITY[sdk=iphoneos*]" = "iPhone Developer";
				COPY_PHASE_STRIP = NO;
				DEBUG_INFORMATION_FORMAT = "dwarf-with-dsym";
				ENABLE_NS_ASSERTIONS = NO;
				ENABLE_STRICT_OBJC_MSGSEND = YES;
				GCC_C_LANGUAGE_STANDARD = gnu99;
				GCC_NO_COMMON_BLOCKS = YES;
				GCC_WARN_64_TO_32_BIT_CONVERSION = YES;
				GCC_WARN_ABOUT_RETURN_TYPE = YES_ERROR;
				GCC_WARN_UNDECLARED_SELECTOR = YES;
				GCC_WARN_UNINITIALIZED_AUTOS = YES_AGGRESSIVE;
				GCC_WARN_UNUSED_FUNCTION = YES;
				GCC_WARN_UNUSED_VARIABLE = YES;
				IPHONEOS_DEPLOYMENT_TARGET = 10.2;
				MTL_ENABLE_DEBUG_INFO = NO;
				SDKROOT = iphoneos;
				SWIFT_OPTIMIZATION_LEVEL = "-Owholemodule";
				TARGETED_DEVICE_FAMILY = "1,2";
				VALIDATE_PRODUCT = YES;
			};
			name = Release;
		};
		C6F6279F1E17DE2200C73BBF /* Debug */ = {
			isa = XCBuildConfiguration;
			buildSettings = {
				ASSETCATALOG_COMPILER_APPICON_NAME = AppIcon;
				DEVELOPMENT_TEAM = 7K297JDWP3;
				INFOPLIST_FILE = pingDemo/Info.plist;
				LD_RUNPATH_SEARCH_PATHS = "$(inherited) @executable_path/Frameworks";
				PRODUCT_BUNDLE_IDENTIFIER = com.iirlab.pingDemo;
				PRODUCT_NAME = "$(TARGET_NAME)";
				SWIFT_VERSION = 3.0;
			};
			name = Debug;
		};
		C6F627A01E17DE2200C73BBF /* Release */ = {
			isa = XCBuildConfiguration;
			buildSettings = {
				ASSETCATALOG_COMPILER_APPICON_NAME = AppIcon;
				DEVELOPMENT_TEAM = 7K297JDWP3;
				INFOPLIST_FILE = pingDemo/Info.plist;
				LD_RUNPATH_SEARCH_PATHS = "$(inherited) @executable_path/Frameworks";
				PRODUCT_BUNDLE_IDENTIFIER = com.iirlab.pingDemo;
				PRODUCT_NAME = "$(TARGET_NAME)";
				SWIFT_VERSION = 3.0;
			};
			name = Release;
		};
/* End XCBuildConfiguration section */

/* Begin XCConfigurationList section */
		C6F627871E17DE2200C73BBF /* Build configuration list for PBXProject "pingDemo" */ = {
			isa = XCConfigurationList;
			buildConfigurations = (
				C6F6279C1E17DE2200C73BBF /* Debug */,
				C6F6279D1E17DE2200C73BBF /* Release */,
			);
			defaultConfigurationIsVisible = 0;
			defaultConfigurationName = Release;
		};
		C6F6279E1E17DE2200C73BBF /* Build configuration list for PBXNativeTarget "pingDemo" */ = {
			isa = XCConfigurationList;
			buildConfigurations = (
				C6F6279F1E17DE2200C73BBF /* Debug */,
				C6F627A01E17DE2200C73BBF /* Release */,
			);
			defaultConfigurationIsVisible = 0;
		};
/* End XCConfigurationList section */
	};
	rootObject = C6F627841E17DE2200C73BBF /* Project object */;
}
